
Microsoft Visual Studio Solution File, Format Version 12.00
# Visual Studio Version 16
VisualStudioVersion = 16.0.29920.165
MinimumVisualStudioVersion = 10.0.40219.1
Project("{9A19103F-16F7-4668-BE54-9A1E7A4F7556}") = "PlannerSync.FunctionApp", "PlannerSync.FunctionApp\PlannerSync.FunctionApp.csproj", "{FB0DBDB3-8D30-4381-9131-72880A1D45B0}"
EndProject
Project("{9A19103F-16F7-4668-BE54-9A1E7A4F7556}") = "PlannerSync.ClassLibrary", "PlannerSync.ClassLibrary\PlannerSync.ClassLibrary.csproj", "{D2E05393-B6FF-4B9D-B336-24B95E6890B4}"
EndProject
Project("{9A19103F-16F7-4668-BE54-9A1E7A4F7556}") = "PlannerSync.XUnitTest", "PlannerSync.XUnitTest\PlannerSync.XUnitTest.csproj", "{B6800DD2-FDE5-4F86-9E86-11C5664DC651}"
EndProject
Project("{FAE04EC0-301F-11D3-BF4B-00C04F79EFBC}") = "PlannerSync.IntegrationTests", "PlannerSync.IntegrationTests\PlannerSync.IntegrationTests.csproj", "{0C99B34C-31EE-4900-A1C7-758C13147961}"
EndProject
Global
	GlobalSection(SolutionConfigurationPlatforms) = preSolution
		Debug|Any CPU = Debug|Any CPU
		Release|Any CPU = Release|Any CPU
	EndGlobalSection
	GlobalSection(ProjectConfigurationPlatforms) = postSolution
		{FB0DBDB3-8D30-4381-9131-72880A1D45B0}.Debug|Any CPU.ActiveCfg = Debug|Any CPU
		{FB0DBDB3-8D30-4381-9131-72880A1D45B0}.Debug|Any CPU.Build.0 = Debug|Any CPU
		{FB0DBDB3-8D30-4381-9131-72880A1D45B0}.Release|Any CPU.ActiveCfg = Release|Any CPU
		{FB0DBDB3-8D30-4381-9131-72880A1D45B0}.Release|Any CPU.Build.0 = Release|Any CPU
		{D2E05393-B6FF-4B9D-B336-24B95E6890B4}.Debug|Any CPU.ActiveCfg = Debug|Any CPU
		{D2E05393-B6FF-4B9D-B336-24B95E6890B4}.Debug|Any CPU.Build.0 = Debug|Any CPU
		{D2E05393-B6FF-4B9D-B336-24B95E6890B4}.Release|Any CPU.ActiveCfg = Release|Any CPU
		{D2E05393-B6FF-4B9D-B336-24B95E6890B4}.Release|Any CPU.Build.0 = Release|Any CPU
		{B6800DD2-FDE5-4F86-9E86-11C5664DC651}.Debug|Any CPU.ActiveCfg = Debug|Any CPU
		{B6800DD2-FDE5-4F86-9E86-11C5664DC651}.Debug|Any CPU.Build.0 = Debug|Any CPU
		{B6800DD2-FDE5-4F86-9E86-11C5664DC651}.Release|Any CPU.ActiveCfg = Release|Any CPU
		{B6800DD2-FDE5-4F86-9E86-11C5664DC651}.Release|Any CPU.Build.0 = Release|Any CPU
		{0C99B34C-31EE-4900-A1C7-758C13147961}.Debug|Any CPU.ActiveCfg = Debug|Any CPU
		{0C99B34C-31EE-4900-A1C7-758C13147961}.Debug|Any CPU.Build.0 = Debug|Any CPU
		{0C99B34C-31EE-4900-A1C7-758C13147961}.Release|Any CPU.ActiveCfg = Release|Any CPU
		{0C99B34C-31EE-4900-A1C7-758C13147961}.Release|Any CPU.Build.0 = Release|Any CPU
	EndGlobalSection
	GlobalSection(SolutionProperties) = preSolution
		HideSolutionNode = FALSE
	EndGlobalSection
	GlobalSection(ExtensibilityGlobals) = postSolution
		SolutionGuid = {B7917E0C-36AE-48F9-B631-F153CAE1DE16}
	EndGlobalSection
EndGlobal
